
Microsoft Visual Studio Solution File, Format Version 12.00
# Visual Studio Version 17
VisualStudioVersion = 17.7.34202.233
MinimumVisualStudioVersion = 10.0.40219.1
Project("{8BC9CEB8-8B4A-11D0-8D11-00A0C91BC942}") = "lab11", "lab11\lab11.vcxproj", "{05E7C88C-62D0-46AF-A563-7B5A11CE696B}"
EndProject
Global
	GlobalSection(SolutionConfigurationPlatforms) = preSolution
		Debug|x64 = Debug|x64
		Debug|x86 = Debug|x86
		Release|x64 = Release|x64
		Release|x86 = Release|x86
	EndGlobalSection
	GlobalSection(ProjectConfigurationPlatforms) = postSolution
		{05E7C88C-62D0-46AF-A563-7B5A11CE696B}.Debug|x64.ActiveCfg = Debug|x64
		{05E7C88C-62D0-46AF-A563-7B5A11CE696B}.Debug|x64.Build.0 = Debug|x64
		{05E7C88C-62D0-46AF-A563-7B5A11CE696B}.Debug|x86.ActiveCfg = Debug|Win32
		{05E7C88C-62D0-46AF-A563-7B5A11CE696B}.Debug|x86.Build.0 = Debug|Win32
		{05E7C88C-62D0-46AF-A563-7B5A11CE696B}.Release|x64.ActiveCfg = Release|x64
		{05E7C88C-62D0-46AF-A563-7B5A11CE696B}.Release|x64.Build.0 = Release|x64
		{05E7C88C-62D0-46AF-A563-7B5A11CE696B}.Release|x86.ActiveCfg = Release|Win32
		{05E7C88C-62D0-46AF-A563-7B5A11CE696B}.Release|x86.Build.0 = Release|Win32
	EndGlobalSection
	GlobalSection(SolutionProperties) = preSolution
		HideSolutionNode = FALSE
	EndGlobalSection
	GlobalSection(ExtensibilityGlobals) = postSolution
		SolutionGuid = {F4C91519-934E-4D72-9FCB-F8F5B2AFEBCB}
	EndGlobalSection
EndGlobal
