
Microsoft Visual Studio Solution File, Format Version 12.00
# Visual Studio Version 17
VisualStudioVersion = 17.7.34202.233
MinimumVisualStudioVersion = 10.0.40219.1
Project("{8BC9CEB8-8B4A-11D0-8D11-00A0C91BC942}") = "lab7", "lab7\lab7.vcxproj", "{B719F4D3-94F3-4E35-91F9-51C44254557F}"
EndProject
Global
	GlobalSection(SolutionConfigurationPlatforms) = preSolution
		Debug|x64 = Debug|x64
		Debug|x86 = Debug|x86
		Release|x64 = Release|x64
		Release|x86 = Release|x86
	EndGlobalSection
	GlobalSection(ProjectConfigurationPlatforms) = postSolution
		{B719F4D3-94F3-4E35-91F9-51C44254557F}.Debug|x64.ActiveCfg = Debug|x64
		{B719F4D3-94F3-4E35-91F9-51C44254557F}.Debug|x64.Build.0 = Debug|x64
		{B719F4D3-94F3-4E35-91F9-51C44254557F}.Debug|x86.ActiveCfg = Debug|Win32
		{B719F4D3-94F3-4E35-91F9-51C44254557F}.Debug|x86.Build.0 = Debug|Win32
		{B719F4D3-94F3-4E35-91F9-51C44254557F}.Release|x64.ActiveCfg = Release|x64
		{B719F4D3-94F3-4E35-91F9-51C44254557F}.Release|x64.Build.0 = Release|x64
		{B719F4D3-94F3-4E35-91F9-51C44254557F}.Release|x86.ActiveCfg = Release|Win32
		{B719F4D3-94F3-4E35-91F9-51C44254557F}.Release|x86.Build.0 = Release|Win32
	EndGlobalSection
	GlobalSection(SolutionProperties) = preSolution
		HideSolutionNode = FALSE
	EndGlobalSection
	GlobalSection(ExtensibilityGlobals) = postSolution
		SolutionGuid = {9EDFF6E0-E18C-4E0A-B12E-2D085D6F27DA}
	EndGlobalSection
EndGlobal
